// !$*UTF8*$!
{
	archiveVersion = 1;
	classes = {
	};
	objectVersion = 46;
	objects = {

/* Begin PBXBuildFile section */
		F84626A5192E232B001A44B4 /* Foundation.framework in Frameworks */ = {isa = PBXBuildFile; fileRef = F84626A4192E232B001A44B4 /* Foundation.framework */; };
		F84626A7192E232B001A44B4 /* CoreGraphics.framework in Frameworks */ = {isa = PBXBuildFile; fileRef = F84626A6192E232B001A44B4 /* CoreGraphics.framework */; };
		F84626A9192E232B001A44B4 /* UIKit.framework in Frameworks */ = {isa = PBXBuildFile; fileRef = F84626A8192E232B001A44B4 /* UIKit.framework */; };
		F84626AB192E232B001A44B4 /* CoreData.framework in Frameworks */ = {isa = PBXBuildFile; fileRef = F84626AA192E232B001A44B4 /* CoreData.framework */; };
		F84626B1192E232B001A44B4 /* InfoPlist.strings in Resources */ = {isa = PBXBuildFile; fileRef = F84626AF192E232B001A44B4 /* InfoPlist.strings */; };
		F84626B3192E232B001A44B4 /* main.m in Sources */ = {isa = PBXBuildFile; fileRef = F84626B2192E232B001A44B4 /* main.m */; };
		F84626B7192E232B001A44B4 /* TWAppDelegate.m in Sources */ = {isa = PBXBuildFile; fileRef = F84626B6192E232B001A44B4 /* TWAppDelegate.m */; };
		F84626BA192E232B001A44B4 /* Thousand_Words.xcdatamodeld in Sources */ = {isa = PBXBuildFile; fileRef = F84626B8192E232B001A44B4 /* Thousand_Words.xcdatamodeld */; };
		F84626BC192E232B001A44B4 /* Images.xcassets in Resources */ = {isa = PBXBuildFile; fileRef = F84626BB192E232B001A44B4 /* Images.xcassets */; };
		F84626C3192E232B001A44B4 /* XCTest.framework in Frameworks */ = {isa = PBXBuildFile; fileRef = F84626C2192E232B001A44B4 /* XCTest.framework */; };
		F84626C4192E232B001A44B4 /* Foundation.framework in Frameworks */ = {isa = PBXBuildFile; fileRef = F84626A4192E232B001A44B4 /* Foundation.framework */; };
		F84626C5192E232B001A44B4 /* UIKit.framework in Frameworks */ = {isa = PBXBuildFile; fileRef = F84626A8192E232B001A44B4 /* UIKit.framework */; };
		F84626C6192E232B001A44B4 /* CoreData.framework in Frameworks */ = {isa = PBXBuildFile; fileRef = F84626AA192E232B001A44B4 /* CoreData.framework */; };
		F84626CE192E232B001A44B4 /* InfoPlist.strings in Resources */ = {isa = PBXBuildFile; fileRef = F84626CC192E232B001A44B4 /* InfoPlist.strings */; };
		F84626D0192E232B001A44B4 /* Thousand_WordsTests.m in Sources */ = {isa = PBXBuildFile; fileRef = F84626CF192E232B001A44B4 /* Thousand_WordsTests.m */; };
		F84626DA192E2528001A44B4 /* Storyboard.storyboard in Resources */ = {isa = PBXBuildFile; fileRef = F84626D9192E2528001A44B4 /* Storyboard.storyboard */; };
		F84626DD192E2619001A44B4 /* TWAlbumTableViewController.m in Sources */ = {isa = PBXBuildFile; fileRef = F84626DC192E2619001A44B4 /* TWAlbumTableViewController.m */; };
		F84626E0192E3564001A44B4 /* Album.m in Sources */ = {isa = PBXBuildFile; fileRef = F84626DF192E3564001A44B4 /* Album.m */; };
		F848FAE5192F59F9006D9A47 /* TWCoreDataHelper.m in Sources */ = {isa = PBXBuildFile; fileRef = F848FAE4192F59F9006D9A47 /* TWCoreDataHelper.m */; };
		F848FAE8192F7045006D9A47 /* TWPhotosCollectionViewController.m in Sources */ = {isa = PBXBuildFile; fileRef = F848FAE7192F7045006D9A47 /* TWPhotosCollectionViewController.m */; };
/* End PBXBuildFile section */

/* Begin PBXContainerItemProxy section */
		F84626C7192E232B001A44B4 /* PBXContainerItemProxy */ = {
			isa = PBXContainerItemProxy;
			containerPortal = F8462699192E232B001A44B4 /* Project object */;
			proxyType = 1;
			remoteGlobalIDString = F84626A0192E232B001A44B4;
			remoteInfo = "Thousand Words";
		};
/* End PBXContainerItemProxy section */

/* Begin PBXFileReference section */
		F84626A1192E232B001A44B4 /* Thousand Words.app */ = {isa = PBXFileReference; explicitFileType = wrapper.application; includeInIndex = 0; path = "Thousand Words.app"; sourceTree = BUILT_PRODUCTS_DIR; };
		F84626A4192E232B001A44B4 /* Foundation.framework */ = {isa = PBXFileReference; lastKnownFileType = wrapper.framework; name = Foundation.framework; path = System/Library/Frameworks/Foundation.framework; sourceTree = SDKROOT; };
		F84626A6192E232B001A44B4 /* CoreGraphics.framework */ = {isa = PBXFileReference; lastKnownFileType = wrapper.framework; name = CoreGraphics.framework; path = System/Library/Frameworks/CoreGraphics.framework; sourceTree = SDKROOT; };
		F84626A8192E232B001A44B4 /* UIKit.framework */ = {isa = PBXFileReference; lastKnownFileType = wrapper.framework; name = UIKit.framework; path = System/Library/Frameworks/UIKit.framework; sourceTree = SDKROOT; };
		F84626AA192E232B001A44B4 /* CoreData.framework */ = {isa = PBXFileReference; lastKnownFileType = wrapper.framework; name = CoreData.framework; path = System/Library/Frameworks/CoreData.framework; sourceTree = SDKROOT; };
		F84626AE192E232B001A44B4 /* Thousand Words-Info.plist */ = {isa = PBXFileReference; lastKnownFileType = text.plist.xml; path = "Thousand Words-Info.plist"; sourceTree = "<group>"; };
		F84626B0192E232B001A44B4 /* en */ = {isa = PBXFileReference; lastKnownFileType = text.plist.strings; name = en; path = en.lproj/InfoPlist.strings; sourceTree = "<group>"; };
		F84626B2192E232B001A44B4 /* main.m */ = {isa = PBXFileReference; lastKnownFileType = sourcecode.c.objc; path = main.m; sourceTree = "<group>"; };
		F84626B4192E232B001A44B4 /* Thousand Words-Prefix.pch */ = {isa = PBXFileReference; lastKnownFileType = sourcecode.c.h; path = "Thousand Words-Prefix.pch"; sourceTree = "<group>"; };
		F84626B5192E232B001A44B4 /* TWAppDelegate.h */ = {isa = PBXFileReference; lastKnownFileType = sourcecode.c.h; path = TWAppDelegate.h; sourceTree = "<group>"; };
		F84626B6192E232B001A44B4 /* TWAppDelegate.m */ = {isa = PBXFileReference; lastKnownFileType = sourcecode.c.objc; path = TWAppDelegate.m; sourceTree = "<group>"; };
		F84626B9192E232B001A44B4 /* Thousand_Words.xcdatamodel */ = {isa = PBXFileReference; lastKnownFileType = wrapper.xcdatamodel; path = Thousand_Words.xcdatamodel; sourceTree = "<group>"; };
		F84626BB192E232B001A44B4 /* Images.xcassets */ = {isa = PBXFileReference; lastKnownFileType = folder.assetcatalog; path = Images.xcassets; sourceTree = "<group>"; };
		F84626C1192E232B001A44B4 /* Thousand WordsTests.xctest */ = {isa = PBXFileReference; explicitFileType = wrapper.cfbundle; includeInIndex = 0; path = "Thousand WordsTests.xctest"; sourceTree = BUILT_PRODUCTS_DIR; };
		F84626C2192E232B001A44B4 /* XCTest.framework */ = {isa = PBXFileReference; lastKnownFileType = wrapper.framework; name = XCTest.framework; path = Library/Frameworks/XCTest.framework; sourceTree = DEVELOPER_DIR; };
		F84626CB192E232B001A44B4 /* Thousand WordsTests-Info.plist */ = {isa = PBXFileReference; lastKnownFileType = text.plist.xml; path = "Thousand WordsTests-Info.plist"; sourceTree = "<group>"; };
		F84626CD192E232B001A44B4 /* en */ = {isa = PBXFileReference; lastKnownFileType = text.plist.strings; name = en; path = en.lproj/InfoPlist.strings; sourceTree = "<group>"; };
		F84626CF192E232B001A44B4 /* Thousand_WordsTests.m */ = {isa = PBXFileReference; lastKnownFileType = sourcecode.c.objc; path = Thousand_WordsTests.m; sourceTree = "<group>"; };
		F84626D9192E2528001A44B4 /* Storyboard.storyboard */ = {isa = PBXFileReference; fileEncoding = 4; lastKnownFileType = file.storyboard; path = Storyboard.storyboard; sourceTree = "<group>"; };
		F84626DB192E2619001A44B4 /* TWAlbumTableViewController.h */ = {isa = PBXFileReference; fileEncoding = 4; lastKnownFileType = sourcecode.c.h; path = TWAlbumTableViewController.h; sourceTree = "<group>"; };
		F84626DC192E2619001A44B4 /* TWAlbumTableViewController.m */ = {isa = PBXFileReference; fileEncoding = 4; lastKnownFileType = sourcecode.c.objc; path = TWAlbumTableViewController.m; sourceTree = "<group>"; };
		F84626DE192E3564001A44B4 /* Album.h */ = {isa = PBXFileReference; fileEncoding = 4; lastKnownFileType = sourcecode.c.h; path = Album.h; sourceTree = "<group>"; };
		F84626DF192E3564001A44B4 /* Album.m */ = {isa = PBXFileReference; fileEncoding = 4; lastKnownFileType = sourcecode.c.objc; path = Album.m; sourceTree = "<group>"; };
		F848FAE3192F59F9006D9A47 /* TWCoreDataHelper.h */ = {isa = PBXFileReference; fileEncoding = 4; lastKnownFileType = sourcecode.c.h; path = TWCoreDataHelper.h; sourceTree = "<group>"; };
		F848FAE4192F59F9006D9A47 /* TWCoreDataHelper.m */ = {isa = PBXFileReference; fileEncoding = 4; lastKnownFileType = sourcecode.c.objc; path = TWCoreDataHelper.m; sourceTree = "<group>"; };
		F848FAE6192F7045006D9A47 /* TWPhotosCollectionViewController.h */ = {isa = PBXFileReference; fileEncoding = 4; lastKnownFileType = sourcecode.c.h; path = TWPhotosCollectionViewController.h; sourceTree = "<group>"; };
		F848FAE7192F7045006D9A47 /* TWPhotosCollectionViewController.m */ = {isa = PBXFileReference; fileEncoding = 4; lastKnownFileType = sourcecode.c.objc; path = TWPhotosCollectionViewController.m; sourceTree = "<group>"; };
/* End PBXFileReference section */

/* Begin PBXFrameworksBuildPhase section */
		F846269E192E232B001A44B4 /* Frameworks */ = {
			isa = PBXFrameworksBuildPhase;
			buildActionMask = 2147483647;
			files = (
				F84626A7192E232B001A44B4 /* CoreGraphics.framework in Frameworks */,
				F84626AB192E232B001A44B4 /* CoreData.framework in Frameworks */,
				F84626A9192E232B001A44B4 /* UIKit.framework in Frameworks */,
				F84626A5192E232B001A44B4 /* Foundation.framework in Frameworks */,
			);
			runOnlyForDeploymentPostprocessing = 0;
		};
		F84626BE192E232B001A44B4 /* Frameworks */ = {
			isa = PBXFrameworksBuildPhase;
			buildActionMask = 2147483647;
			files = (
				F84626C3192E232B001A44B4 /* XCTest.framework in Frameworks */,
				F84626C6192E232B001A44B4 /* CoreData.framework in Frameworks */,
				F84626C5192E232B001A44B4 /* UIKit.framework in Frameworks */,
				F84626C4192E232B001A44B4 /* Foundation.framework in Frameworks */,
			);
			runOnlyForDeploymentPostprocessing = 0;
		};
/* End PBXFrameworksBuildPhase section */

/* Begin PBXGroup section */
		F8462698192E232B001A44B4 = {
			isa = PBXGroup;
			children = (
				F84626AC192E232B001A44B4 /* Thousand Words */,
				F84626C9192E232B001A44B4 /* Thousand WordsTests */,
				F84626A3192E232B001A44B4 /* Frameworks */,
				F84626A2192E232B001A44B4 /* Products */,
			);
			sourceTree = "<group>";
		};
		F84626A2192E232B001A44B4 /* Products */ = {
			isa = PBXGroup;
			children = (
				F84626A1192E232B001A44B4 /* Thousand Words.app */,
				F84626C1192E232B001A44B4 /* Thousand WordsTests.xctest */,
			);
			name = Products;
			sourceTree = "<group>";
		};
		F84626A3192E232B001A44B4 /* Frameworks */ = {
			isa = PBXGroup;
			children = (
				F84626A4192E232B001A44B4 /* Foundation.framework */,
				F84626A6192E232B001A44B4 /* CoreGraphics.framework */,
				F84626A8192E232B001A44B4 /* UIKit.framework */,
				F84626AA192E232B001A44B4 /* CoreData.framework */,
				F84626C2192E232B001A44B4 /* XCTest.framework */,
			);
			name = Frameworks;
			sourceTree = "<group>";
		};
		F84626AC192E232B001A44B4 /* Thousand Words */ = {
			isa = PBXGroup;
			children = (
				F84626D9192E2528001A44B4 /* Storyboard.storyboard */,
				F848FAE6192F7045006D9A47 /* TWPhotosCollectionViewController.h */,
				F848FAE7192F7045006D9A47 /* TWPhotosCollectionViewController.m */,
				F84626DB192E2619001A44B4 /* TWAlbumTableViewController.h */,
				F84626DC192E2619001A44B4 /* TWAlbumTableViewController.m */,
				F848FAE3192F59F9006D9A47 /* TWCoreDataHelper.h */,
				F848FAE4192F59F9006D9A47 /* TWCoreDataHelper.m */,
				F84626DE192E3564001A44B4 /* Album.h */,
				F84626DF192E3564001A44B4 /* Album.m */,
				F84626BB192E232B001A44B4 /* Images.xcassets */,
				F84626B8192E232B001A44B4 /* Thousand_Words.xcdatamodeld */,
				F84626AD192E232B001A44B4 /* Supporting Files */,
			);
			path = "Thousand Words";
			sourceTree = "<group>";
		};
		F84626AD192E232B001A44B4 /* Supporting Files */ = {
			isa = PBXGroup;
			children = (
				F84626B5192E232B001A44B4 /* TWAppDelegate.h */,
				F84626B6192E232B001A44B4 /* TWAppDelegate.m */,
				F84626AE192E232B001A44B4 /* Thousand Words-Info.plist */,
				F84626AF192E232B001A44B4 /* InfoPlist.strings */,
				F84626B2192E232B001A44B4 /* main.m */,
				F84626B4192E232B001A44B4 /* Thousand Words-Prefix.pch */,
			);
			name = "Supporting Files";
			sourceTree = "<group>";
		};
		F84626C9192E232B001A44B4 /* Thousand WordsTests */ = {
			isa = PBXGroup;
			children = (
				F84626CF192E232B001A44B4 /* Thousand_WordsTests.m */,
				F84626CA192E232B001A44B4 /* Supporting Files */,
			);
			path = "Thousand WordsTests";
			sourceTree = "<group>";
		};
		F84626CA192E232B001A44B4 /* Supporting Files */ = {
			isa = PBXGroup;
			children = (
				F84626CB192E232B001A44B4 /* Thousand WordsTests-Info.plist */,
				F84626CC192E232B001A44B4 /* InfoPlist.strings */,
			);
			name = "Supporting Files";
			sourceTree = "<group>";
		};
/* End PBXGroup section */

/* Begin PBXNativeTarget section */
		F84626A0192E232B001A44B4 /* Thousand Words */ = {
			isa = PBXNativeTarget;
			buildConfigurationList = F84626D3192E232B001A44B4 /* Build configuration list for PBXNativeTarget "Thousand Words" */;
			buildPhases = (
				F846269D192E232B001A44B4 /* Sources */,
				F846269E192E232B001A44B4 /* Frameworks */,
				F846269F192E232B001A44B4 /* Resources */,
			);
			buildRules = (
			);
			dependencies = (
			);
			name = "Thousand Words";
			productName = "Thousand Words";
			productReference = F84626A1192E232B001A44B4 /* Thousand Words.app */;
			productType = "com.apple.product-type.application";
		};
		F84626C0192E232B001A44B4 /* Thousand WordsTests */ = {
			isa = PBXNativeTarget;
			buildConfigurationList = F84626D6192E232B001A44B4 /* Build configuration list for PBXNativeTarget "Thousand WordsTests" */;
			buildPhases = (
				F84626BD192E232B001A44B4 /* Sources */,
				F84626BE192E232B001A44B4 /* Frameworks */,
				F84626BF192E232B001A44B4 /* Resources */,
			);
			buildRules = (
			);
			dependencies = (
				F84626C8192E232B001A44B4 /* PBXTargetDependency */,
			);
			name = "Thousand WordsTests";
			productName = "Thousand WordsTests";
			productReference = F84626C1192E232B001A44B4 /* Thousand WordsTests.xctest */;
			productType = "com.apple.product-type.bundle.unit-test";
		};
/* End PBXNativeTarget section */

/* Begin PBXProject section */
		F8462699192E232B001A44B4 /* Project object */ = {
			isa = PBXProject;
			attributes = {
				CLASSPREFIX = TW;
				LastUpgradeCheck = 0510;
				ORGANIZATIONNAME = "One foot after the other";
				TargetAttributes = {
					F84626C0192E232B001A44B4 = {
						TestTargetID = F84626A0192E232B001A44B4;
					};
				};
			};
			buildConfigurationList = F846269C192E232B001A44B4 /* Build configuration list for PBXProject "Thousand Words" */;
			compatibilityVersion = "Xcode 3.2";
			developmentRegion = English;
			hasScannedForEncodings = 0;
			knownRegions = (
				en,
			);
			mainGroup = F8462698192E232B001A44B4;
			productRefGroup = F84626A2192E232B001A44B4 /* Products */;
			projectDirPath = "";
			projectRoot = "";
			targets = (
				F84626A0192E232B001A44B4 /* Thousand Words */,
				F84626C0192E232B001A44B4 /* Thousand WordsTests */,
			);
		};
/* End PBXProject section */

/* Begin PBXResourcesBuildPhase section */
		F846269F192E232B001A44B4 /* Resources */ = {
			isa = PBXResourcesBuildPhase;
			buildActionMask = 2147483647;
			files = (
				F84626B1192E232B001A44B4 /* InfoPlist.strings in Resources */,
				F84626BC192E232B001A44B4 /* Images.xcassets in Resources */,
				F84626DA192E2528001A44B4 /* Storyboard.storyboard in Resources */,
			);
			runOnlyForDeploymentPostprocessing = 0;
		};
		F84626BF192E232B001A44B4 /* Resources */ = {
			isa = PBXResourcesBuildPhase;
			buildActionMask = 2147483647;
			files = (
				F84626CE192E232B001A44B4 /* InfoPlist.strings in Resources */,
			);
			runOnlyForDeploymentPostprocessing = 0;
		};
/* End PBXResourcesBuildPhase section */

/* Begin PBXSourcesBuildPhase section */
		F846269D192E232B001A44B4 /* Sources */ = {
			isa = PBXSourcesBuildPhase;
			buildActionMask = 2147483647;
			files = (
				F84626B3192E232B001A44B4 /* main.m in Sources */,
				F848FAE8192F7045006D9A47 /* TWPhotosCollectionViewController.m in Sources */,
				F84626B7192E232B001A44B4 /* TWAppDelegate.m in Sources */,
				F84626DD192E2619001A44B4 /* TWAlbumTableViewController.m in Sources */,
				F84626E0192E3564001A44B4 /* Album.m in Sources */,
				F84626BA192E232B001A44B4 /* Thousand_Words.xcdatamodeld in Sources */,
				F848FAE5192F59F9006D9A47 /* TWCoreDataHelper.m in Sources */,
			);
			runOnlyForDeploymentPostprocessing = 0;
		};
		F84626BD192E232B001A44B4 /* Sources */ = {
			isa = PBXSourcesBuildPhase;
			buildActionMask = 2147483647;
			files = (
				F84626D0192E232B001A44B4 /* Thousand_WordsTests.m in Sources */,
			);
			runOnlyForDeploymentPostprocessing = 0;
		};
/* End PBXSourcesBuildPhase section */

/* Begin PBXTargetDependency section */
		F84626C8192E232B001A44B4 /* PBXTargetDependency */ = {
			isa = PBXTargetDependency;
			target = F84626A0192E232B001A44B4 /* Thousand Words */;
			targetProxy = F84626C7192E232B001A44B4 /* PBXContainerItemProxy */;
		};
/* End PBXTargetDependency section */

/* Begin PBXVariantGroup section */
		F84626AF192E232B001A44B4 /* InfoPlist.strings */ = {
			isa = PBXVariantGroup;
			children = (
				F84626B0192E232B001A44B4 /* en */,
			);
			name = InfoPlist.strings;
			sourceTree = "<group>";
		};
		F84626CC192E232B001A44B4 /* InfoPlist.strings */ = {
			isa = PBXVariantGroup;
			children = (
				F84626CD192E232B001A44B4 /* en */,
			);
			name = InfoPlist.strings;
			sourceTree = "<group>";
		};
/* End PBXVariantGroup section */

/* Begin XCBuildConfiguration section */
		F84626D1192E232B001A44B4 /* Debug */ = {
			isa = XCBuildConfiguration;
			buildSettings = {
				ALWAYS_SEARCH_USER_PATHS = NO;
				CLANG_CXX_LANGUAGE_STANDARD = "gnu++0x";
				CLANG_CXX_LIBRARY = "libc++";
				CLANG_ENABLE_MODULES = YES;
				CLANG_ENABLE_OBJC_ARC = YES;
				CLANG_WARN_BOOL_CONVERSION = YES;
				CLANG_WARN_CONSTANT_CONVERSION = YES;
				CLANG_WARN_DIRECT_OBJC_ISA_USAGE = YES_ERROR;
				CLANG_WARN_EMPTY_BODY = YES;
				CLANG_WARN_ENUM_CONVERSION = YES;
				CLANG_WARN_INT_CONVERSION = YES;
				CLANG_WARN_OBJC_ROOT_CLASS = YES_ERROR;
				CLANG_WARN__DUPLICATE_METHOD_MATCH = YES;
				"CODE_SIGN_IDENTITY[sdk=iphoneos*]" = "iPhone Developer";
				COPY_PHASE_STRIP = NO;
				GCC_C_LANGUAGE_STANDARD = gnu99;
				GCC_DYNAMIC_NO_PIC = NO;
				GCC_OPTIMIZATION_LEVEL = 0;
				GCC_PREPROCESSOR_DEFINITIONS = (
					"DEBUG=1",
					"$(inherited)",
				);
				GCC_SYMBOLS_PRIVATE_EXTERN = NO;
				GCC_WARN_64_TO_32_BIT_CONVERSION = YES;
				GCC_WARN_ABOUT_RETURN_TYPE = YES_ERROR;
				GCC_WARN_UNDECLARED_SELECTOR = YES;
				GCC_WARN_UNINITIALIZED_AUTOS = YES_AGGRESSIVE;
				GCC_WARN_UNUSED_FUNCTION = YES;
				GCC_WARN_UNUSED_VARIABLE = YES;
				IPHONEOS_DEPLOYMENT_TARGET = 7.1;
				ONLY_ACTIVE_ARCH = YES;
				SDKROOT = iphoneos;
			};
			name = Debug;
		};
		F84626D2192E232B001A44B4 /* Release */ = {
			isa = XCBuildConfiguration;
			buildSettings = {
				ALWAYS_SEARCH_USER_PATHS = NO;
				CLANG_CXX_LANGUAGE_STANDARD = "gnu++0x";
				CLANG_CXX_LIBRARY = "libc++";
				CLANG_ENABLE_MODULES = YES;
				CLANG_ENABLE_OBJC_ARC = YES;
				CLANG_WARN_BOOL_CONVERSION = YES;
				CLANG_WARN_CONSTANT_CONVERSION = YES;
				CLANG_WARN_DIRECT_OBJC_ISA_USAGE = YES_ERROR;
				CLANG_WARN_EMPTY_BODY = YES;
				CLANG_WARN_ENUM_CONVERSION = YES;
				CLANG_WARN_INT_CONVERSION = YES;
				CLANG_WARN_OBJC_ROOT_CLASS = YES_ERROR;
				CLANG_WARN__DUPLICATE_METHOD_MATCH = YES;
				"CODE_SIGN_IDENTITY[sdk=iphoneos*]" = "iPhone Developer";
				COPY_PHASE_STRIP = YES;
				ENABLE_NS_ASSERTIONS = NO;
				GCC_C_LANGUAGE_STANDARD = gnu99;
				GCC_WARN_64_TO_32_BIT_CONVERSION = YES;
				GCC_WARN_ABOUT_RETURN_TYPE = YES_ERROR;
				GCC_WARN_UNDECLARED_SELECTOR = YES;
				GCC_WARN_UNINITIALIZED_AUTOS = YES_AGGRESSIVE;
				GCC_WARN_UNUSED_FUNCTION = YES;
				GCC_WARN_UNUSED_VARIABLE = YES;
				IPHONEOS_DEPLOYMENT_TARGET = 7.1;
				SDKROOT = iphoneos;
				VALIDATE_PRODUCT = YES;
			};
			name = Release;
		};
		F84626D4192E232B001A44B4 /* Debug */ = {
			isa = XCBuildConfiguration;
			buildSettings = {
				ASSETCATALOG_COMPILER_APPICON_NAME = AppIcon;
				ASSETCATALOG_COMPILER_LAUNCHIMAGE_NAME = LaunchImage;
				GCC_PRECOMPILE_PREFIX_HEADER = YES;
				GCC_PREFIX_HEADER = "Thousand Words/Thousand Words-Prefix.pch";
				INFOPLIST_FILE = "Thousand Words/Thousand Words-Info.plist";
				PRODUCT_NAME = "$(TARGET_NAME)";
				WRAPPER_EXTENSION = app;
			};
			name = Debug;
		};
		F84626D5192E232B001A44B4 /* Release */ = {
			isa = XCBuildConfiguration;
			buildSettings = {
				ASSETCATALOG_COMPILER_APPICON_NAME = AppIcon;
				ASSETCATALOG_COMPILER_LAUNCHIMAGE_NAME = LaunchImage;
				GCC_PRECOMPILE_PREFIX_HEADER = YES;
				GCC_PREFIX_HEADER = "Thousand Words/Thousand Words-Prefix.pch";
				INFOPLIST_FILE = "Thousand Words/Thousand Words-Info.plist";
				PRODUCT_NAME = "$(TARGET_NAME)";
				WRAPPER_EXTENSION = app;
			};
			name = Release;
		};
		F84626D7192E232B001A44B4 /* Debug */ = {
			isa = XCBuildConfiguration;
			buildSettings = {
				BUNDLE_LOADER = "$(BUILT_PRODUCTS_DIR)/Thousand Words.app/Thousand Words";
				FRAMEWORK_SEARCH_PATHS = (
					"$(SDKROOT)/Developer/Library/Frameworks",
					"$(inherited)",
					"$(DEVELOPER_FRAMEWORKS_DIR)",
				);
				GCC_PRECOMPILE_PREFIX_HEADER = YES;
				GCC_PREFIX_HEADER = "Thousand Words/Thousand Words-Prefix.pch";
				GCC_PREPROCESSOR_DEFINITIONS = (
					"DEBUG=1",
					"$(inherited)",
				);
				INFOPLIST_FILE = "Thousand WordsTests/Thousand WordsTests-Info.plist";
				PRODUCT_NAME = "$(TARGET_NAME)";
				TEST_HOST = "$(BUNDLE_LOADER)";
				WRAPPER_EXTENSION = xctest;
			};
			name = Debug;
		};
		F84626D8192E232B001A44B4 /* Release */ = {
			isa = XCBuildConfiguration;
			buildSettings = {
				BUNDLE_LOADER = "$(BUILT_PRODUCTS_DIR)/Thousand Words.app/Thousand Words";
				FRAMEWORK_SEARCH_PATHS = (
					"$(SDKROOT)/Developer/Library/Frameworks",
					"$(inherited)",
					"$(DEVELOPER_FRAMEWORKS_DIR)",
				);
				GCC_PRECOMPILE_PREFIX_HEADER = YES;
				GCC_PREFIX_HEADER = "Thousand Words/Thousand Words-Prefix.pch";
				INFOPLIST_FILE = "Thousand WordsTests/Thousand WordsTests-Info.plist";
				PRODUCT_NAME = "$(TARGET_NAME)";
				TEST_HOST = "$(BUNDLE_LOADER)";
				WRAPPER_EXTENSION = xctest;
			};
			name = Release;
		};
/* End XCBuildConfiguration section */

/* Begin XCConfigurationList section */
		F846269C192E232B001A44B4 /* Build configuration list for PBXProject "Thousand Words" */ = {
			isa = XCConfigurationList;
			buildConfigurations = (
				F84626D1192E232B001A44B4 /* Debug */,
				F84626D2192E232B001A44B4 /* Release */,
			);
			defaultConfigurationIsVisible = 0;
			defaultConfigurationName = Release;
		};
		F84626D3192E232B001A44B4 /* Build configuration list for PBXNativeTarget "Thousand Words" */ = {
			isa = XCConfigurationList;
			buildConfigurations = (
				F84626D4192E232B001A44B4 /* Debug */,
				F84626D5192E232B001A44B4 /* Release */,
			);
			defaultConfigurationIsVisible = 0;
			defaultConfigurationName = Release;
		};
		F84626D6192E232B001A44B4 /* Build configuration list for PBXNativeTarget "Thousand WordsTests" */ = {
			isa = XCConfigurationList;
			buildConfigurations = (
				F84626D7192E232B001A44B4 /* Debug */,
				F84626D8192E232B001A44B4 /* Release */,
			);
			defaultConfigurationIsVisible = 0;
			defaultConfigurationName = Release;
		};
/* End XCConfigurationList section */

/* Begin XCVersionGroup section */
		F84626B8192E232B001A44B4 /* Thousand_Words.xcdatamodeld */ = {
			isa = XCVersionGroup;
			children = (
				F84626B9192E232B001A44B4 /* Thousand_Words.xcdatamodel */,
			);
			currentVersion = F84626B9192E232B001A44B4 /* Thousand_Words.xcdatamodel */;
			path = Thousand_Words.xcdatamodeld;
			sourceTree = "<group>";
			versionGroupType = wrapper.xcdatamodel;
		};
/* End XCVersionGroup section */
	};
	rootObject = F8462699192E232B001A44B4 /* Project object */;
}
